// !$*UTF8*$!
{
	archiveVersion = 1;
	classes = {
	};
	objectVersion = 55;
	objects = {

/* Begin PBXBuildFile section */
		451BBA070729C862A621D48A /* Pods_shoppinglist.framework in Frameworks */ = {isa = PBXBuildFile; fileRef = 0CE7F5282BE7B9A1B4657395 /* Pods_shoppinglist.framework */; };
		876735C41144C6148A080874 /* Pods_shoppinglistTests.framework in Frameworks */ = {isa = PBXBuildFile; fileRef = 589D492A96A7715F195DBCD6 /* Pods_shoppinglistTests.framework */; };
		B9EE8402BC74E075D13FD1DF /* Pods_shoppinglist_shoppinglistUITests.framework in Frameworks */ = {isa = PBXBuildFile; fileRef = B361CC7285CED6510EEBC267 /* Pods_shoppinglist_shoppinglistUITests.framework */; };
		BB5C74FC278D8112001A58E6 /* LogInUseCase.swift in Sources */ = {isa = PBXBuildFile; fileRef = BB5C74FB278D8112001A58E6 /* LogInUseCase.swift */; };
		BB5C7500278DBCCD001A58E6 /* GetUserUseCase.swift in Sources */ = {isa = PBXBuildFile; fileRef = BB5C74FF278DBCCD001A58E6 /* GetUserUseCase.swift */; };
		BB5C7502278DBD87001A58E6 /* UserRepository.swift in Sources */ = {isa = PBXBuildFile; fileRef = BB5C7501278DBD87001A58E6 /* UserRepository.swift */; };
		BBFF662927884921002625E7 /* shoppinglistApp.swift in Sources */ = {isa = PBXBuildFile; fileRef = BBFF662827884921002625E7 /* shoppinglistApp.swift */; };
		BBFF662B27884921002625E7 /* LogInScreen.swift in Sources */ = {isa = PBXBuildFile; fileRef = BBFF662A27884921002625E7 /* LogInScreen.swift */; };
		BBFF662D27884925002625E7 /* Assets.xcassets in Resources */ = {isa = PBXBuildFile; fileRef = BBFF662C27884925002625E7 /* Assets.xcassets */; };
		BBFF663027884925002625E7 /* Preview Assets.xcassets in Resources */ = {isa = PBXBuildFile; fileRef = BBFF662F27884925002625E7 /* Preview Assets.xcassets */; };
		BBFF663A27884925002625E7 /* shoppinglistTests.swift in Sources */ = {isa = PBXBuildFile; fileRef = BBFF663927884925002625E7 /* shoppinglistTests.swift */; };
		BBFF664427884925002625E7 /* shoppinglistUITests.swift in Sources */ = {isa = PBXBuildFile; fileRef = BBFF664327884925002625E7 /* shoppinglistUITests.swift */; };
		BBFF664627884925002625E7 /* shoppinglistUITestsLaunchTests.swift in Sources */ = {isa = PBXBuildFile; fileRef = BBFF664527884925002625E7 /* shoppinglistUITestsLaunchTests.swift */; };
/* End PBXBuildFile section */

/* Begin PBXContainerItemProxy section */
		BBFF663627884925002625E7 /* PBXContainerItemProxy */ = {
			isa = PBXContainerItemProxy;
			containerPortal = BBFF661D27884921002625E7 /* Project object */;
			proxyType = 1;
			remoteGlobalIDString = BBFF662427884921002625E7;
			remoteInfo = shoppinglist;
		};
		BBFF664027884925002625E7 /* PBXContainerItemProxy */ = {
			isa = PBXContainerItemProxy;
			containerPortal = BBFF661D27884921002625E7 /* Project object */;
			proxyType = 1;
			remoteGlobalIDString = BBFF662427884921002625E7;
			remoteInfo = shoppinglist;
		};
/* End PBXContainerItemProxy section */

/* Begin PBXFileReference section */
		0CE7F5282BE7B9A1B4657395 /* Pods_shoppinglist.framework */ = {isa = PBXFileReference; explicitFileType = wrapper.framework; includeInIndex = 0; path = Pods_shoppinglist.framework; sourceTree = BUILT_PRODUCTS_DIR; };
		3D5CAC1F10F9DD6710F49DD6 /* Pods-shoppinglist.debug.xcconfig */ = {isa = PBXFileReference; includeInIndex = 1; lastKnownFileType = text.xcconfig; name = "Pods-shoppinglist.debug.xcconfig"; path = "Target Support Files/Pods-shoppinglist/Pods-shoppinglist.debug.xcconfig"; sourceTree = "<group>"; };
		589D492A96A7715F195DBCD6 /* Pods_shoppinglistTests.framework */ = {isa = PBXFileReference; explicitFileType = wrapper.framework; includeInIndex = 0; path = Pods_shoppinglistTests.framework; sourceTree = BUILT_PRODUCTS_DIR; };
		5E99DE915AED3F070A224E56 /* Pods-shoppinglistTests.release.xcconfig */ = {isa = PBXFileReference; includeInIndex = 1; lastKnownFileType = text.xcconfig; name = "Pods-shoppinglistTests.release.xcconfig"; path = "Target Support Files/Pods-shoppinglistTests/Pods-shoppinglistTests.release.xcconfig"; sourceTree = "<group>"; };
		A18C080F3E07FA1060BD220C /* Pods-shoppinglist-shoppinglistUITests.release.xcconfig */ = {isa = PBXFileReference; includeInIndex = 1; lastKnownFileType = text.xcconfig; name = "Pods-shoppinglist-shoppinglistUITests.release.xcconfig"; path = "Target Support Files/Pods-shoppinglist-shoppinglistUITests/Pods-shoppinglist-shoppinglistUITests.release.xcconfig"; sourceTree = "<group>"; };
		AF3BDCE871DEC16313603CAD /* Pods-shoppinglist-shoppinglistUITests.debug.xcconfig */ = {isa = PBXFileReference; includeInIndex = 1; lastKnownFileType = text.xcconfig; name = "Pods-shoppinglist-shoppinglistUITests.debug.xcconfig"; path = "Target Support Files/Pods-shoppinglist-shoppinglistUITests/Pods-shoppinglist-shoppinglistUITests.debug.xcconfig"; sourceTree = "<group>"; };
		B361CC7285CED6510EEBC267 /* Pods_shoppinglist_shoppinglistUITests.framework */ = {isa = PBXFileReference; explicitFileType = wrapper.framework; includeInIndex = 0; path = Pods_shoppinglist_shoppinglistUITests.framework; sourceTree = BUILT_PRODUCTS_DIR; };
		BB5C74FB278D8112001A58E6 /* LogInUseCase.swift */ = {isa = PBXFileReference; lastKnownFileType = sourcecode.swift; path = LogInUseCase.swift; sourceTree = "<group>"; };
		BB5C74FF278DBCCD001A58E6 /* GetUserUseCase.swift */ = {isa = PBXFileReference; lastKnownFileType = sourcecode.swift; path = GetUserUseCase.swift; sourceTree = "<group>"; };
		BB5C7501278DBD87001A58E6 /* UserRepository.swift */ = {isa = PBXFileReference; lastKnownFileType = sourcecode.swift; path = UserRepository.swift; sourceTree = "<group>"; };
		BBFF662527884921002625E7 /* Shopping List.app */ = {isa = PBXFileReference; explicitFileType = wrapper.application; includeInIndex = 0; path = "Shopping List.app"; sourceTree = BUILT_PRODUCTS_DIR; };
		BBFF662827884921002625E7 /* shoppinglistApp.swift */ = {isa = PBXFileReference; lastKnownFileType = sourcecode.swift; path = shoppinglistApp.swift; sourceTree = "<group>"; };
		BBFF662A27884921002625E7 /* LogInScreen.swift */ = {isa = PBXFileReference; lastKnownFileType = sourcecode.swift; path = LogInScreen.swift; sourceTree = "<group>"; };
		BBFF662C27884925002625E7 /* Assets.xcassets */ = {isa = PBXFileReference; lastKnownFileType = folder.assetcatalog; path = Assets.xcassets; sourceTree = "<group>"; };
		BBFF662F27884925002625E7 /* Preview Assets.xcassets */ = {isa = PBXFileReference; lastKnownFileType = folder.assetcatalog; path = "Preview Assets.xcassets"; sourceTree = "<group>"; };
		BBFF663527884925002625E7 /* shoppinglistTests.xctest */ = {isa = PBXFileReference; explicitFileType = wrapper.cfbundle; includeInIndex = 0; path = shoppinglistTests.xctest; sourceTree = BUILT_PRODUCTS_DIR; };
		BBFF663927884925002625E7 /* shoppinglistTests.swift */ = {isa = PBXFileReference; lastKnownFileType = sourcecode.swift; path = shoppinglistTests.swift; sourceTree = "<group>"; };
		BBFF663F27884925002625E7 /* shoppinglistUITests.xctest */ = {isa = PBXFileReference; explicitFileType = wrapper.cfbundle; includeInIndex = 0; path = shoppinglistUITests.xctest; sourceTree = BUILT_PRODUCTS_DIR; };
		BBFF664327884925002625E7 /* shoppinglistUITests.swift */ = {isa = PBXFileReference; lastKnownFileType = sourcecode.swift; path = shoppinglistUITests.swift; sourceTree = "<group>"; };
		BBFF664527884925002625E7 /* shoppinglistUITestsLaunchTests.swift */ = {isa = PBXFileReference; lastKnownFileType = sourcecode.swift; path = shoppinglistUITestsLaunchTests.swift; sourceTree = "<group>"; };
		BD10BE198C115F9C67378E91 /* Pods-shoppinglist.release.xcconfig */ = {isa = PBXFileReference; includeInIndex = 1; lastKnownFileType = text.xcconfig; name = "Pods-shoppinglist.release.xcconfig"; path = "Target Support Files/Pods-shoppinglist/Pods-shoppinglist.release.xcconfig"; sourceTree = "<group>"; };
		E919E5922C906487273F5591 /* Pods-shoppinglistTests.debug.xcconfig */ = {isa = PBXFileReference; includeInIndex = 1; lastKnownFileType = text.xcconfig; name = "Pods-shoppinglistTests.debug.xcconfig"; path = "Target Support Files/Pods-shoppinglistTests/Pods-shoppinglistTests.debug.xcconfig"; sourceTree = "<group>"; };
/* End PBXFileReference section */

/* Begin PBXFrameworksBuildPhase section */
		BBFF662227884921002625E7 /* Frameworks */ = {
			isa = PBXFrameworksBuildPhase;
			buildActionMask = 2147483647;
			files = (
				451BBA070729C862A621D48A /* Pods_shoppinglist.framework in Frameworks */,
			);
			runOnlyForDeploymentPostprocessing = 0;
		};
		BBFF663227884925002625E7 /* Frameworks */ = {
			isa = PBXFrameworksBuildPhase;
			buildActionMask = 2147483647;
			files = (
				876735C41144C6148A080874 /* Pods_shoppinglistTests.framework in Frameworks */,
			);
			runOnlyForDeploymentPostprocessing = 0;
		};
		BBFF663C27884925002625E7 /* Frameworks */ = {
			isa = PBXFrameworksBuildPhase;
			buildActionMask = 2147483647;
			files = (
				B9EE8402BC74E075D13FD1DF /* Pods_shoppinglist_shoppinglistUITests.framework in Frameworks */,
			);
			runOnlyForDeploymentPostprocessing = 0;
		};
/* End PBXFrameworksBuildPhase section */

/* Begin PBXGroup section */
		2FD1AA54E89317259F5CD04A /* Pods */ = {
			isa = PBXGroup;
			children = (
				3D5CAC1F10F9DD6710F49DD6 /* Pods-shoppinglist.debug.xcconfig */,
				BD10BE198C115F9C67378E91 /* Pods-shoppinglist.release.xcconfig */,
				AF3BDCE871DEC16313603CAD /* Pods-shoppinglist-shoppinglistUITests.debug.xcconfig */,
				A18C080F3E07FA1060BD220C /* Pods-shoppinglist-shoppinglistUITests.release.xcconfig */,
				E919E5922C906487273F5591 /* Pods-shoppinglistTests.debug.xcconfig */,
				5E99DE915AED3F070A224E56 /* Pods-shoppinglistTests.release.xcconfig */,
			);
			path = Pods;
			sourceTree = "<group>";
		};
		68A36E7ADD9C331E0DFB08C5 /* Frameworks */ = {
			isa = PBXGroup;
			children = (
				0CE7F5282BE7B9A1B4657395 /* Pods_shoppinglist.framework */,
				B361CC7285CED6510EEBC267 /* Pods_shoppinglist_shoppinglistUITests.framework */,
				589D492A96A7715F195DBCD6 /* Pods_shoppinglistTests.framework */,
			);
			name = Frameworks;
			sourceTree = "<group>";
		};
		BB5C74F827887F10001A58E6 /* catalog */ = {
			isa = PBXGroup;
			children = (
			);
			path = catalog;
			sourceTree = "<group>";
		};
		BB5C74F9278D801B001A58E6 /* screen */ = {
			isa = PBXGroup;
			children = (
				BBFF662A27884921002625E7 /* LogInScreen.swift */,
			);
			path = screen;
			sourceTree = "<group>";
		};
		BB5C74FD278DBBCC001A58E6 /* core */ = {
			isa = PBXGroup;
			children = (
				BB5C74FE278DBBD7001A58E6 /* login */,
			);
			path = core;
			sourceTree = "<group>";
		};
		BB5C74FE278DBBD7001A58E6 /* login */ = {
			isa = PBXGroup;
			children = (
				BB5C74FB278D8112001A58E6 /* LogInUseCase.swift */,
				BB5C74FF278DBCCD001A58E6 /* GetUserUseCase.swift */,
				BB5C7501278DBD87001A58E6 /* UserRepository.swift */,
			);
			path = login;
			sourceTree = "<group>";
		};
		BBFF661C27884921002625E7 = {
			isa = PBXGroup;
			children = (
				BBFF662727884921002625E7 /* shoppinglist */,
				BBFF663827884925002625E7 /* shoppinglistTests */,
				BBFF664227884925002625E7 /* shoppinglistUITests */,
				BBFF662627884921002625E7 /* Products */,
				2FD1AA54E89317259F5CD04A /* Pods */,
				68A36E7ADD9C331E0DFB08C5 /* Frameworks */,
			);
			sourceTree = "<group>";
		};
		BBFF662627884921002625E7 /* Products */ = {
			isa = PBXGroup;
			children = (
				BBFF662527884921002625E7 /* Shopping List.app */,
				BBFF663527884925002625E7 /* shoppinglistTests.xctest */,
				BBFF663F27884925002625E7 /* shoppinglistUITests.xctest */,
			);
			name = Products;
			sourceTree = "<group>";
		};
		BBFF662727884921002625E7 /* shoppinglist */ = {
			isa = PBXGroup;
			children = (
				BB5C74FD278DBBCC001A58E6 /* core */,
				BB5C74F9278D801B001A58E6 /* screen */,
				BB5C74F827887F10001A58E6 /* catalog */,
				BBFF662827884921002625E7 /* shoppinglistApp.swift */,
				BBFF662C27884925002625E7 /* Assets.xcassets */,
				BBFF662E27884925002625E7 /* Preview Content */,
			);
			path = shoppinglist;
			sourceTree = "<group>";
		};
		BBFF662E27884925002625E7 /* Preview Content */ = {
			isa = PBXGroup;
			children = (
				BBFF662F27884925002625E7 /* Preview Assets.xcassets */,
			);
			path = "Preview Content";
			sourceTree = "<group>";
		};
		BBFF663827884925002625E7 /* shoppinglistTests */ = {
			isa = PBXGroup;
			children = (
				BBFF663927884925002625E7 /* shoppinglistTests.swift */,
			);
			path = shoppinglistTests;
			sourceTree = "<group>";
		};
		BBFF664227884925002625E7 /* shoppinglistUITests */ = {
			isa = PBXGroup;
			children = (
				BBFF664327884925002625E7 /* shoppinglistUITests.swift */,
				BBFF664527884925002625E7 /* shoppinglistUITestsLaunchTests.swift */,
			);
			path = shoppinglistUITests;
			sourceTree = "<group>";
		};
/* End PBXGroup section */

/* Begin PBXNativeTarget section */
		BBFF662427884921002625E7 /* shoppinglist */ = {
			isa = PBXNativeTarget;
			buildConfigurationList = BBFF664927884925002625E7 /* Build configuration list for PBXNativeTarget "shoppinglist" */;
			buildPhases = (
				36874A29D8532FD701D05ED7 /* [CP] Check Pods Manifest.lock */,
				BBFF662127884921002625E7 /* Sources */,
				BBFF662227884921002625E7 /* Frameworks */,
				BBFF662327884921002625E7 /* Resources */,
				9EA281AA56D665A3F09893FE /* [CP] Embed Pods Frameworks */,
			);
			buildRules = (
			);
			dependencies = (
			);
			name = shoppinglist;
			productName = shoppinglist;
			productReference = BBFF662527884921002625E7 /* Shopping List.app */;
			productType = "com.apple.product-type.application";
		};
		BBFF663427884925002625E7 /* shoppinglistTests */ = {
			isa = PBXNativeTarget;
			buildConfigurationList = BBFF664C27884925002625E7 /* Build configuration list for PBXNativeTarget "shoppinglistTests" */;
			buildPhases = (
				DC9259DCC01CA389DB9E830F /* [CP] Check Pods Manifest.lock */,
				BBFF663127884925002625E7 /* Sources */,
				BBFF663227884925002625E7 /* Frameworks */,
				BBFF663327884925002625E7 /* Resources */,
			);
			buildRules = (
			);
			dependencies = (
				BBFF663727884925002625E7 /* PBXTargetDependency */,
			);
			name = shoppinglistTests;
			productName = shoppinglistTests;
			productReference = BBFF663527884925002625E7 /* shoppinglistTests.xctest */;
			productType = "com.apple.product-type.bundle.unit-test";
		};
		BBFF663E27884925002625E7 /* shoppinglistUITests */ = {
			isa = PBXNativeTarget;
			buildConfigurationList = BBFF664F27884925002625E7 /* Build configuration list for PBXNativeTarget "shoppinglistUITests" */;
			buildPhases = (
				3F974B91F7680849E5B03831 /* [CP] Check Pods Manifest.lock */,
				BBFF663B27884925002625E7 /* Sources */,
				BBFF663C27884925002625E7 /* Frameworks */,
				BBFF663D27884925002625E7 /* Resources */,
				1896223675AB492688A023E7 /* [CP] Embed Pods Frameworks */,
			);
			buildRules = (
			);
			dependencies = (
				BBFF664127884925002625E7 /* PBXTargetDependency */,
			);
			name = shoppinglistUITests;
			productName = shoppinglistUITests;
			productReference = BBFF663F27884925002625E7 /* shoppinglistUITests.xctest */;
			productType = "com.apple.product-type.bundle.ui-testing";
		};
/* End PBXNativeTarget section */

/* Begin PBXProject section */
		BBFF661D27884921002625E7 /* Project object */ = {
			isa = PBXProject;
			attributes = {
				BuildIndependentTargetsInParallel = 1;
				LastSwiftUpdateCheck = 1320;
				LastUpgradeCheck = 1320;
				TargetAttributes = {
					BBFF662427884921002625E7 = {
						CreatedOnToolsVersion = 13.2.1;
					};
					BBFF663427884925002625E7 = {
						CreatedOnToolsVersion = 13.2.1;
						TestTargetID = BBFF662427884921002625E7;
					};
					BBFF663E27884925002625E7 = {
						CreatedOnToolsVersion = 13.2.1;
						TestTargetID = BBFF662427884921002625E7;
					};
				};
			};
			buildConfigurationList = BBFF662027884921002625E7 /* Build configuration list for PBXProject "shoppinglist" */;
			compatibilityVersion = "Xcode 13.0";
			developmentRegion = en;
			hasScannedForEncodings = 0;
			knownRegions = (
				en,
				Base,
			);
			mainGroup = BBFF661C27884921002625E7;
			productRefGroup = BBFF662627884921002625E7 /* Products */;
			projectDirPath = "";
			projectRoot = "";
			targets = (
				BBFF662427884921002625E7 /* shoppinglist */,
				BBFF663427884925002625E7 /* shoppinglistTests */,
				BBFF663E27884925002625E7 /* shoppinglistUITests */,
			);
		};
/* End PBXProject section */

/* Begin PBXResourcesBuildPhase section */
		BBFF662327884921002625E7 /* Resources */ = {
			isa = PBXResourcesBuildPhase;
			buildActionMask = 2147483647;
			files = (
				BBFF663027884925002625E7 /* Preview Assets.xcassets in Resources */,
				BBFF662D27884925002625E7 /* Assets.xcassets in Resources */,
			);
			runOnlyForDeploymentPostprocessing = 0;
		};
		BBFF663327884925002625E7 /* Resources */ = {
			isa = PBXResourcesBuildPhase;
			buildActionMask = 2147483647;
			files = (
			);
			runOnlyForDeploymentPostprocessing = 0;
		};
		BBFF663D27884925002625E7 /* Resources */ = {
			isa = PBXResourcesBuildPhase;
			buildActionMask = 2147483647;
			files = (
			);
			runOnlyForDeploymentPostprocessing = 0;
		};
/* End PBXResourcesBuildPhase section */

/* Begin PBXShellScriptBuildPhase section */
		1896223675AB492688A023E7 /* [CP] Embed Pods Frameworks */ = {
			isa = PBXShellScriptBuildPhase;
			buildActionMask = 2147483647;
			files = (
			);
			inputFileListPaths = (
				"${PODS_ROOT}/Target Support Files/Pods-shoppinglist-shoppinglistUITests/Pods-shoppinglist-shoppinglistUITests-frameworks-${CONFIGURATION}-input-files.xcfilelist",
			);
			name = "[CP] Embed Pods Frameworks";
			outputFileListPaths = (
				"${PODS_ROOT}/Target Support Files/Pods-shoppinglist-shoppinglistUITests/Pods-shoppinglist-shoppinglistUITests-frameworks-${CONFIGURATION}-output-files.xcfilelist",
			);
			runOnlyForDeploymentPostprocessing = 0;
			shellPath = /bin/sh;
			shellScript = "\"${PODS_ROOT}/Target Support Files/Pods-shoppinglist-shoppinglistUITests/Pods-shoppinglist-shoppinglistUITests-frameworks.sh\"\n";
			showEnvVarsInLog = 0;
		};
		36874A29D8532FD701D05ED7 /* [CP] Check Pods Manifest.lock */ = {
			isa = PBXShellScriptBuildPhase;
			buildActionMask = 2147483647;
			files = (
			);
			inputFileListPaths = (
			);
			inputPaths = (
				"${PODS_PODFILE_DIR_PATH}/Podfile.lock",
				"${PODS_ROOT}/Manifest.lock",
			);
			name = "[CP] Check Pods Manifest.lock";
			outputFileListPaths = (
			);
			outputPaths = (
				"$(DERIVED_FILE_DIR)/Pods-shoppinglist-checkManifestLockResult.txt",
			);
			runOnlyForDeploymentPostprocessing = 0;
			shellPath = /bin/sh;
			shellScript = "diff \"${PODS_PODFILE_DIR_PATH}/Podfile.lock\" \"${PODS_ROOT}/Manifest.lock\" > /dev/null\nif [ $? != 0 ] ; then\n    # print error to STDERR\n    echo \"error: The sandbox is not in sync with the Podfile.lock. Run 'pod install' or update your CocoaPods installation.\" >&2\n    exit 1\nfi\n# This output is used by Xcode 'outputs' to avoid re-running this script phase.\necho \"SUCCESS\" > \"${SCRIPT_OUTPUT_FILE_0}\"\n";
			showEnvVarsInLog = 0;
		};
		3F974B91F7680849E5B03831 /* [CP] Check Pods Manifest.lock */ = {
			isa = PBXShellScriptBuildPhase;
			buildActionMask = 2147483647;
			files = (
			);
			inputFileListPaths = (
			);
			inputPaths = (
				"${PODS_PODFILE_DIR_PATH}/Podfile.lock",
				"${PODS_ROOT}/Manifest.lock",
			);
			name = "[CP] Check Pods Manifest.lock";
			outputFileListPaths = (
			);
			outputPaths = (
				"$(DERIVED_FILE_DIR)/Pods-shoppinglist-shoppinglistUITests-checkManifestLockResult.txt",
			);
			runOnlyForDeploymentPostprocessing = 0;
			shellPath = /bin/sh;
			shellScript = "diff \"${PODS_PODFILE_DIR_PATH}/Podfile.lock\" \"${PODS_ROOT}/Manifest.lock\" > /dev/null\nif [ $? != 0 ] ; then\n    # print error to STDERR\n    echo \"error: The sandbox is not in sync with the Podfile.lock. Run 'pod install' or update your CocoaPods installation.\" >&2\n    exit 1\nfi\n# This output is used by Xcode 'outputs' to avoid re-running this script phase.\necho \"SUCCESS\" > \"${SCRIPT_OUTPUT_FILE_0}\"\n";
			showEnvVarsInLog = 0;
		};
		9EA281AA56D665A3F09893FE /* [CP] Embed Pods Frameworks */ = {
			isa = PBXShellScriptBuildPhase;
			buildActionMask = 2147483647;
			files = (
			);
			inputFileListPaths = (
				"${PODS_ROOT}/Target Support Files/Pods-shoppinglist/Pods-shoppinglist-frameworks-${CONFIGURATION}-input-files.xcfilelist",
			);
			name = "[CP] Embed Pods Frameworks";
			outputFileListPaths = (
				"${PODS_ROOT}/Target Support Files/Pods-shoppinglist/Pods-shoppinglist-frameworks-${CONFIGURATION}-output-files.xcfilelist",
			);
			runOnlyForDeploymentPostprocessing = 0;
			shellPath = /bin/sh;
			shellScript = "\"${PODS_ROOT}/Target Support Files/Pods-shoppinglist/Pods-shoppinglist-frameworks.sh\"\n";
			showEnvVarsInLog = 0;
		};
		DC9259DCC01CA389DB9E830F /* [CP] Check Pods Manifest.lock */ = {
			isa = PBXShellScriptBuildPhase;
			buildActionMask = 2147483647;
			files = (
			);
			inputFileListPaths = (
			);
			inputPaths = (
				"${PODS_PODFILE_DIR_PATH}/Podfile.lock",
				"${PODS_ROOT}/Manifest.lock",
			);
			name = "[CP] Check Pods Manifest.lock";
			outputFileListPaths = (
			);
			outputPaths = (
				"$(DERIVED_FILE_DIR)/Pods-shoppinglistTests-checkManifestLockResult.txt",
			);
			runOnlyForDeploymentPostprocessing = 0;
			shellPath = /bin/sh;
			shellScript = "diff \"${PODS_PODFILE_DIR_PATH}/Podfile.lock\" \"${PODS_ROOT}/Manifest.lock\" > /dev/null\nif [ $? != 0 ] ; then\n    # print error to STDERR\n    echo \"error: The sandbox is not in sync with the Podfile.lock. Run 'pod install' or update your CocoaPods installation.\" >&2\n    exit 1\nfi\n# This output is used by Xcode 'outputs' to avoid re-running this script phase.\necho \"SUCCESS\" > \"${SCRIPT_OUTPUT_FILE_0}\"\n";
			showEnvVarsInLog = 0;
		};
/* End PBXShellScriptBuildPhase section */

/* Begin PBXSourcesBuildPhase section */
		BBFF662127884921002625E7 /* Sources */ = {
			isa = PBXSourcesBuildPhase;
			buildActionMask = 2147483647;
			files = (
				BB5C74FC278D8112001A58E6 /* LogInUseCase.swift in Sources */,
				BBFF662B27884921002625E7 /* LogInScreen.swift in Sources */,
				BBFF662927884921002625E7 /* shoppinglistApp.swift in Sources */,
				BB5C7502278DBD87001A58E6 /* UserRepository.swift in Sources */,
				BB5C7500278DBCCD001A58E6 /* GetUserUseCase.swift in Sources */,
			);
			runOnlyForDeploymentPostprocessing = 0;
		};
		BBFF663127884925002625E7 /* Sources */ = {
			isa = PBXSourcesBuildPhase;
			buildActionMask = 2147483647;
			files = (
				BBFF663A27884925002625E7 /* shoppinglistTests.swift in Sources */,
			);
			runOnlyForDeploymentPostprocessing = 0;
		};
		BBFF663B27884925002625E7 /* Sources */ = {
			isa = PBXSourcesBuildPhase;
			buildActionMask = 2147483647;
			files = (
				BBFF664627884925002625E7 /* shoppinglistUITestsLaunchTests.swift in Sources */,
				BBFF664427884925002625E7 /* shoppinglistUITests.swift in Sources */,
			);
			runOnlyForDeploymentPostprocessing = 0;
		};
/* End PBXSourcesBuildPhase section */

/* Begin PBXTargetDependency section */
		BBFF663727884925002625E7 /* PBXTargetDependency */ = {
			isa = PBXTargetDependency;
			target = BBFF662427884921002625E7 /* shoppinglist */;
			targetProxy = BBFF663627884925002625E7 /* PBXContainerItemProxy */;
		};
		BBFF664127884925002625E7 /* PBXTargetDependency */ = {
			isa = PBXTargetDependency;
			target = BBFF662427884921002625E7 /* shoppinglist */;
			targetProxy = BBFF664027884925002625E7 /* PBXContainerItemProxy */;
		};
/* End PBXTargetDependency section */

/* Begin XCBuildConfiguration section */
		BBFF664727884925002625E7 /* Debug */ = {
			isa = XCBuildConfiguration;
			buildSettings = {
				ALWAYS_SEARCH_USER_PATHS = NO;
				CLANG_ANALYZER_NONNULL = YES;
				CLANG_ANALYZER_NUMBER_OBJECT_CONVERSION = YES_AGGRESSIVE;
				CLANG_CXX_LANGUAGE_STANDARD = "gnu++17";
				CLANG_CXX_LIBRARY = "libc++";
				CLANG_ENABLE_MODULES = YES;
				CLANG_ENABLE_OBJC_ARC = YES;
				CLANG_ENABLE_OBJC_WEAK = YES;
				CLANG_WARN_BLOCK_CAPTURE_AUTORELEASING = YES;
				CLANG_WARN_BOOL_CONVERSION = YES;
				CLANG_WARN_COMMA = YES;
				CLANG_WARN_CONSTANT_CONVERSION = YES;
				CLANG_WARN_DEPRECATED_OBJC_IMPLEMENTATIONS = YES;
				CLANG_WARN_DIRECT_OBJC_ISA_USAGE = YES_ERROR;
				CLANG_WARN_DOCUMENTATION_COMMENTS = YES;
				CLANG_WARN_EMPTY_BODY = YES;
				CLANG_WARN_ENUM_CONVERSION = YES;
				CLANG_WARN_INFINITE_RECURSION = YES;
				CLANG_WARN_INT_CONVERSION = YES;
				CLANG_WARN_NON_LITERAL_NULL_CONVERSION = YES;
				CLANG_WARN_OBJC_IMPLICIT_RETAIN_SELF = YES;
				CLANG_WARN_OBJC_LITERAL_CONVERSION = YES;
				CLANG_WARN_OBJC_ROOT_CLASS = YES_ERROR;
				CLANG_WARN_QUOTED_INCLUDE_IN_FRAMEWORK_HEADER = YES;
				CLANG_WARN_RANGE_LOOP_ANALYSIS = YES;
				CLANG_WARN_STRICT_PROTOTYPES = YES;
				CLANG_WARN_SUSPICIOUS_MOVE = YES;
				CLANG_WARN_UNGUARDED_AVAILABILITY = YES_AGGRESSIVE;
				CLANG_WARN_UNREACHABLE_CODE = YES;
				CLANG_WARN__DUPLICATE_METHOD_MATCH = YES;
				COPY_PHASE_STRIP = NO;
				DEBUG_INFORMATION_FORMAT = dwarf;
				ENABLE_STRICT_OBJC_MSGSEND = YES;
				ENABLE_TESTABILITY = YES;
				GCC_C_LANGUAGE_STANDARD = gnu11;
				GCC_DYNAMIC_NO_PIC = NO;
				GCC_NO_COMMON_BLOCKS = YES;
				GCC_OPTIMIZATION_LEVEL = 0;
				GCC_PREPROCESSOR_DEFINITIONS = (
					"DEBUG=1",
					"$(inherited)",
				);
				GCC_WARN_64_TO_32_BIT_CONVERSION = YES;
				GCC_WARN_ABOUT_RETURN_TYPE = YES_ERROR;
				GCC_WARN_UNDECLARED_SELECTOR = YES;
				GCC_WARN_UNINITIALIZED_AUTOS = YES_AGGRESSIVE;
				GCC_WARN_UNUSED_FUNCTION = YES;
				GCC_WARN_UNUSED_VARIABLE = YES;
				IPHONEOS_DEPLOYMENT_TARGET = 14.0;
				MTL_ENABLE_DEBUG_INFO = INCLUDE_SOURCE;
				MTL_FAST_MATH = YES;
				ONLY_ACTIVE_ARCH = YES;
				SDKROOT = iphoneos;
				SWIFT_ACTIVE_COMPILATION_CONDITIONS = DEBUG;
				SWIFT_OPTIMIZATION_LEVEL = "-Onone";
			};
			name = Debug;
		};
		BBFF664827884925002625E7 /* Release */ = {
			isa = XCBuildConfiguration;
			buildSettings = {
				ALWAYS_SEARCH_USER_PATHS = NO;
				CLANG_ANALYZER_NONNULL = YES;
				CLANG_ANALYZER_NUMBER_OBJECT_CONVERSION = YES_AGGRESSIVE;
				CLANG_CXX_LANGUAGE_STANDARD = "gnu++17";
				CLANG_CXX_LIBRARY = "libc++";
				CLANG_ENABLE_MODULES = YES;
				CLANG_ENABLE_OBJC_ARC = YES;
				CLANG_ENABLE_OBJC_WEAK = YES;
				CLANG_WARN_BLOCK_CAPTURE_AUTORELEASING = YES;
				CLANG_WARN_BOOL_CONVERSION = YES;
				CLANG_WARN_COMMA = YES;
				CLANG_WARN_CONSTANT_CONVERSION = YES;
				CLANG_WARN_DEPRECATED_OBJC_IMPLEMENTATIONS = YES;
				CLANG_WARN_DIRECT_OBJC_ISA_USAGE = YES_ERROR;
				CLANG_WARN_DOCUMENTATION_COMMENTS = YES;
				CLANG_WARN_EMPTY_BODY = YES;
				CLANG_WARN_ENUM_CONVERSION = YES;
				CLANG_WARN_INFINITE_RECURSION = YES;
				CLANG_WARN_INT_CONVERSION = YES;
				CLANG_WARN_NON_LITERAL_NULL_CONVERSION = YES;
				CLANG_WARN_OBJC_IMPLICIT_RETAIN_SELF = YES;
				CLANG_WARN_OBJC_LITERAL_CONVERSION = YES;
				CLANG_WARN_OBJC_ROOT_CLASS = YES_ERROR;
				CLANG_WARN_QUOTED_INCLUDE_IN_FRAMEWORK_HEADER = YES;
				CLANG_WARN_RANGE_LOOP_ANALYSIS = YES;
				CLANG_WARN_STRICT_PROTOTYPES = YES;
				CLANG_WARN_SUSPICIOUS_MOVE = YES;
				CLANG_WARN_UNGUARDED_AVAILABILITY = YES_AGGRESSIVE;
				CLANG_WARN_UNREACHABLE_CODE = YES;
				CLANG_WARN__DUPLICATE_METHOD_MATCH = YES;
				COPY_PHASE_STRIP = NO;
				DEBUG_INFORMATION_FORMAT = "dwarf-with-dsym";
				ENABLE_NS_ASSERTIONS = NO;
				ENABLE_STRICT_OBJC_MSGSEND = YES;
				GCC_C_LANGUAGE_STANDARD = gnu11;
				GCC_NO_COMMON_BLOCKS = YES;
				GCC_WARN_64_TO_32_BIT_CONVERSION = YES;
				GCC_WARN_ABOUT_RETURN_TYPE = YES_ERROR;
				GCC_WARN_UNDECLARED_SELECTOR = YES;
				GCC_WARN_UNINITIALIZED_AUTOS = YES_AGGRESSIVE;
				GCC_WARN_UNUSED_FUNCTION = YES;
				GCC_WARN_UNUSED_VARIABLE = YES;
				IPHONEOS_DEPLOYMENT_TARGET = 14.0;
				MTL_ENABLE_DEBUG_INFO = NO;
				MTL_FAST_MATH = YES;
				SDKROOT = iphoneos;
				SWIFT_COMPILATION_MODE = wholemodule;
				SWIFT_OPTIMIZATION_LEVEL = "-O";
				VALIDATE_PRODUCT = YES;
			};
			name = Release;
		};
		BBFF664A27884925002625E7 /* Debug */ = {
			isa = XCBuildConfiguration;
			baseConfigurationReference = 3D5CAC1F10F9DD6710F49DD6 /* Pods-shoppinglist.debug.xcconfig */;
			buildSettings = {
				ASSETCATALOG_COMPILER_APPICON_NAME = AppIcon;
				ASSETCATALOG_COMPILER_GLOBAL_ACCENT_COLOR_NAME = AccentColor;
				CODE_SIGN_STYLE = Automatic;
				CURRENT_PROJECT_VERSION = 1;
				DEVELOPMENT_ASSET_PATHS = "\"shoppinglist/Preview Content\"";
				ENABLE_PREVIEWS = YES;
				GENERATE_INFOPLIST_FILE = YES;
				INFOPLIST_KEY_UIApplicationSceneManifest_Generation = YES;
				INFOPLIST_KEY_UIApplicationSupportsIndirectInputEvents = YES;
				INFOPLIST_KEY_UILaunchScreen_Generation = YES;
				INFOPLIST_KEY_UISupportedInterfaceOrientations_iPad = "UIInterfaceOrientationPortrait UIInterfaceOrientationPortraitUpsideDown UIInterfaceOrientationLandscapeLeft UIInterfaceOrientationLandscapeRight";
				INFOPLIST_KEY_UISupportedInterfaceOrientations_iPhone = "UIInterfaceOrientationPortrait UIInterfaceOrientationLandscapeLeft UIInterfaceOrientationLandscapeRight";
				LD_RUNPATH_SEARCH_PATHS = (
					"$(inherited)",
					"@executable_path/Frameworks",
				);
				MARKETING_VERSION = 1.0;
				PRODUCT_BUNDLE_IDENTIFIER = com.alexgabor.shoppinglist;
				PRODUCT_NAME = "Shopping List";
				SWIFT_EMIT_LOC_STRINGS = YES;
				SWIFT_VERSION = 5.0;
				TARGETED_DEVICE_FAMILY = "1,2";
			};
			name = Debug;
		};
		BBFF664B27884925002625E7 /* Release */ = {
			isa = XCBuildConfiguration;
			baseConfigurationReference = BD10BE198C115F9C67378E91 /* Pods-shoppinglist.release.xcconfig */;
			buildSettings = {
				ASSETCATALOG_COMPILER_APPICON_NAME = AppIcon;
				ASSETCATALOG_COMPILER_GLOBAL_ACCENT_COLOR_NAME = AccentColor;
				CODE_SIGN_STYLE = Automatic;
				CURRENT_PROJECT_VERSION = 1;
				DEVELOPMENT_ASSET_PATHS = "\"shoppinglist/Preview Content\"";
				ENABLE_PREVIEWS = YES;
				GENERATE_INFOPLIST_FILE = YES;
				INFOPLIST_KEY_UIApplicationSceneManifest_Generation = YES;
				INFOPLIST_KEY_UIApplicationSupportsIndirectInputEvents = YES;
				INFOPLIST_KEY_UILaunchScreen_Generation = YES;
				INFOPLIST_KEY_UISupportedInterfaceOrientations_iPad = "UIInterfaceOrientationPortrait UIInterfaceOrientationPortraitUpsideDown UIInterfaceOrientationLandscapeLeft UIInterfaceOrientationLandscapeRight";
				INFOPLIST_KEY_UISupportedInterfaceOrientations_iPhone = "UIInterfaceOrientationPortrait UIInterfaceOrientationLandscapeLeft UIInterfaceOrientationLandscapeRight";
				LD_RUNPATH_SEARCH_PATHS = (
					"$(inherited)",
					"@executable_path/Frameworks",
				);
				MARKETING_VERSION = 1.0;
				PRODUCT_BUNDLE_IDENTIFIER = com.alexgabor.shoppinglist;
				PRODUCT_NAME = "Shopping List";
				SWIFT_EMIT_LOC_STRINGS = YES;
				SWIFT_VERSION = 5.0;
				TARGETED_DEVICE_FAMILY = "1,2";
			};
			name = Release;
		};
		BBFF664D27884925002625E7 /* Debug */ = {
			isa = XCBuildConfiguration;
			baseConfigurationReference = E919E5922C906487273F5591 /* Pods-shoppinglistTests.debug.xcconfig */;
			buildSettings = {
				ALWAYS_EMBED_SWIFT_STANDARD_LIBRARIES = YES;
				BUNDLE_LOADER = "$(TEST_HOST)";
				CODE_SIGN_STYLE = Automatic;
				CURRENT_PROJECT_VERSION = 1;
				GENERATE_INFOPLIST_FILE = YES;
				IPHONEOS_DEPLOYMENT_TARGET = 15.2;
				MARKETING_VERSION = 1.0;
				PRODUCT_BUNDLE_IDENTIFIER = com.alexgabor.shoppinglistTests;
				PRODUCT_NAME = "$(TARGET_NAME)";
				SWIFT_EMIT_LOC_STRINGS = NO;
				SWIFT_VERSION = 5.0;
				TARGETED_DEVICE_FAMILY = "1,2";
				TEST_HOST = "$(BUILT_PRODUCTS_DIR)/shoppinglist.app/shoppinglist";
			};
			name = Debug;
		};
		BBFF664E27884925002625E7 /* Release */ = {
			isa = XCBuildConfiguration;
			baseConfigurationReference = 5E99DE915AED3F070A224E56 /* Pods-shoppinglistTests.release.xcconfig */;
			buildSettings = {
				ALWAYS_EMBED_SWIFT_STANDARD_LIBRARIES = YES;
				BUNDLE_LOADER = "$(TEST_HOST)";
				CODE_SIGN_STYLE = Automatic;
				CURRENT_PROJECT_VERSION = 1;
				GENERATE_INFOPLIST_FILE = YES;
				IPHONEOS_DEPLOYMENT_TARGET = 15.2;
				MARKETING_VERSION = 1.0;
				PRODUCT_BUNDLE_IDENTIFIER = com.alexgabor.shoppinglistTests;
				PRODUCT_NAME = "$(TARGET_NAME)";
				SWIFT_EMIT_LOC_STRINGS = NO;
				SWIFT_VERSION = 5.0;
				TARGETED_DEVICE_FAMILY = "1,2";
				TEST_HOST = "$(BUILT_PRODUCTS_DIR)/shoppinglist.app/shoppinglist";
			};
			name = Release;
		};
		BBFF665027884925002625E7 /* Debug */ = {
			isa = XCBuildConfiguration;
			baseConfigurationReference = AF3BDCE871DEC16313603CAD /* Pods-shoppinglist-shoppinglistUITests.debug.xcconfig */;
			buildSettings = {
				ALWAYS_EMBED_SWIFT_STANDARD_LIBRARIES = YES;
				CODE_SIGN_STYLE = Automatic;
				CURRENT_PROJECT_VERSION = 1;
				GENERATE_INFOPLIST_FILE = YES;
				MARKETING_VERSION = 1.0;
				PRODUCT_BUNDLE_IDENTIFIER = com.alexgabor.shoppinglistUITests;
				PRODUCT_NAME = "$(TARGET_NAME)";
				SWIFT_EMIT_LOC_STRINGS = NO;
				SWIFT_VERSION = 5.0;
				TARGETED_DEVICE_FAMILY = "1,2";
				TEST_TARGET_NAME = shoppinglist;
			};
			name = Debug;
		};
		BBFF665127884925002625E7 /* Release */ = {
			isa = XCBuildConfiguration;
			baseConfigurationReference = A18C080F3E07FA1060BD220C /* Pods-shoppinglist-shoppinglistUITests.release.xcconfig */;
			buildSettings = {
				ALWAYS_EMBED_SWIFT_STANDARD_LIBRARIES = YES;
				CODE_SIGN_STYLE = Automatic;
				CURRENT_PROJECT_VERSION = 1;
				GENERATE_INFOPLIST_FILE = YES;
				MARKETING_VERSION = 1.0;
				PRODUCT_BUNDLE_IDENTIFIER = com.alexgabor.shoppinglistUITests;
				PRODUCT_NAME = "$(TARGET_NAME)";
				SWIFT_EMIT_LOC_STRINGS = NO;
				SWIFT_VERSION = 5.0;
				TARGETED_DEVICE_FAMILY = "1,2";
				TEST_TARGET_NAME = shoppinglist;
			};
			name = Release;
		};
/* End XCBuildConfiguration section */

/* Begin XCConfigurationList section */
		BBFF662027884921002625E7 /* Build configuration list for PBXProject "shoppinglist" */ = {
			isa = XCConfigurationList;
			buildConfigurations = (
				BBFF664727884925002625E7 /* Debug */,
				BBFF664827884925002625E7 /* Release */,
			);
			defaultConfigurationIsVisible = 0;
			defaultConfigurationName = Release;
		};
		BBFF664927884925002625E7 /* Build configuration list for PBXNativeTarget "shoppinglist" */ = {
			isa = XCConfigurationList;
			buildConfigurations = (
				BBFF664A27884925002625E7 /* Debug */,
				BBFF664B27884925002625E7 /* Release */,
			);
			defaultConfigurationIsVisible = 0;
			defaultConfigurationName = Release;
		};
		BBFF664C27884925002625E7 /* Build configuration list for PBXNativeTarget "shoppinglistTests" */ = {
			isa = XCConfigurationList;
			buildConfigurations = (
				BBFF664D27884925002625E7 /* Debug */,
				BBFF664E27884925002625E7 /* Release */,
			);
			defaultConfigurationIsVisible = 0;
			defaultConfigurationName = Release;
		};
		BBFF664F27884925002625E7 /* Build configuration list for PBXNativeTarget "shoppinglistUITests" */ = {
			isa = XCConfigurationList;
			buildConfigurations = (
				BBFF665027884925002625E7 /* Debug */,
				BBFF665127884925002625E7 /* Release */,
			);
			defaultConfigurationIsVisible = 0;
			defaultConfigurationName = Release;
		};
/* End XCConfigurationList section */
	};
	rootObject = BBFF661D27884921002625E7 /* Project object */;
}
